
Microsoft Visual Studio Solution File, Format Version 12.00
# Visual Studio Version 16
VisualStudioVersion = 16.0.31424.327
MinimumVisualStudioVersion = 10.0.40219.1
Project("{FAE04EC0-301F-11D3-BF4B-00C04F79EFBC}") = "LoginUi", "LoginUi.csproj", "{BFB36586-DFAA-4955-8F45-3A476E5BC751}"
EndProject
Global
	GlobalSection(SolutionConfigurationPlatforms) = preSolution
		Debug|Any CPU = Debug|Any CPU
		Release|Any CPU = Release|Any CPU
	EndGlobalSection
	GlobalSection(ProjectConfigurationPlatforms) = postSolution
		{BFB36586-DFAA-4955-8F45-3A476E5BC751}.Debug|Any CPU.ActiveCfg = Debug|Any CPU
		{BFB36586-DFAA-4955-8F45-3A476E5BC751}.Debug|Any CPU.Build.0 = Debug|Any CPU
		{BFB36586-DFAA-4955-8F45-3A476E5BC751}.Release|Any CPU.ActiveCfg = Release|Any CPU
		{BFB36586-DFAA-4955-8F45-3A476E5BC751}.Release|Any CPU.Build.0 = Release|Any CPU
	EndGlobalSection
	GlobalSection(SolutionProperties) = preSolution
		HideSolutionNode = FALSE
	EndGlobalSection
	GlobalSection(ExtensibilityGlobals) = postSolution
		SolutionGuid = {1713351F-0B05-4833-BABC-34313B8FA70B}
	EndGlobalSection
EndGlobal
